// !$*UTF8*$!
{
	archiveVersion = 1;
	classes = {
	};
	objectVersion = 46;
	objects = {

/* Begin PBXBuildFile section */
		5398F70D8402176D6965D4E2 /* Pods_Faap.framework in Frameworks */ = {isa = PBXBuildFile; fileRef = C621A43BCC7E4CF5A1D76E24 /* Pods_Faap.framework */; };
		F166A6381DC3862000887354 /* CreateEventViewController.swift in Sources */ = {isa = PBXBuildFile; fileRef = F166A6371DC3862000887354 /* CreateEventViewController.swift */; };
		F1C5395E1DC24EDA0081E8E5 /* AppDelegate.swift in Sources */ = {isa = PBXBuildFile; fileRef = F1C5395D1DC24EDA0081E8E5 /* AppDelegate.swift */; };
		F1C539631DC24EDA0081E8E5 /* Main.storyboard in Resources */ = {isa = PBXBuildFile; fileRef = F1C539611DC24EDA0081E8E5 /* Main.storyboard */; };
		F1C539651DC24EDA0081E8E5 /* Assets.xcassets in Resources */ = {isa = PBXBuildFile; fileRef = F1C539641DC24EDA0081E8E5 /* Assets.xcassets */; };
		F1C539681DC24EDA0081E8E5 /* LaunchScreen.storyboard in Resources */ = {isa = PBXBuildFile; fileRef = F1C539661DC24EDA0081E8E5 /* LaunchScreen.storyboard */; };
		F1CCD5631DC2694900097159 /* Event.swift in Sources */ = {isa = PBXBuildFile; fileRef = F1CCD5621DC2694900097159 /* Event.swift */; };
/* End PBXBuildFile section */

/* Begin PBXFileReference section */
		143181B32B808D31566C6E8B /* Pods-Faap.debug.xcconfig */ = {isa = PBXFileReference; includeInIndex = 1; lastKnownFileType = text.xcconfig; name = "Pods-Faap.debug.xcconfig"; path = "Pods/Target Support Files/Pods-Faap/Pods-Faap.debug.xcconfig"; sourceTree = "<group>"; };
		C621A43BCC7E4CF5A1D76E24 /* Pods_Faap.framework */ = {isa = PBXFileReference; explicitFileType = wrapper.framework; includeInIndex = 0; path = Pods_Faap.framework; sourceTree = BUILT_PRODUCTS_DIR; };
		E2BDEF1FEB68F116A495B6EA /* Pods-Faap.release.xcconfig */ = {isa = PBXFileReference; includeInIndex = 1; lastKnownFileType = text.xcconfig; name = "Pods-Faap.release.xcconfig"; path = "Pods/Target Support Files/Pods-Faap/Pods-Faap.release.xcconfig"; sourceTree = "<group>"; };
		F166A6371DC3862000887354 /* CreateEventViewController.swift */ = {isa = PBXFileReference; fileEncoding = 4; lastKnownFileType = sourcecode.swift; path = CreateEventViewController.swift; sourceTree = "<group>"; };
		F166A6391DC3925E00887354 /* Faap.entitlements */ = {isa = PBXFileReference; lastKnownFileType = text.plist.entitlements; path = Faap.entitlements; sourceTree = "<group>"; };
		F1C5395A1DC24EDA0081E8E5 /* Faap.app */ = {isa = PBXFileReference; explicitFileType = wrapper.application; includeInIndex = 0; path = Faap.app; sourceTree = BUILT_PRODUCTS_DIR; };
		F1C5395D1DC24EDA0081E8E5 /* AppDelegate.swift */ = {isa = PBXFileReference; lastKnownFileType = sourcecode.swift; path = AppDelegate.swift; sourceTree = "<group>"; };
		F1C539621DC24EDA0081E8E5 /* Base */ = {isa = PBXFileReference; lastKnownFileType = file.storyboard; name = Base; path = Base.lproj/Main.storyboard; sourceTree = "<group>"; };
		F1C539641DC24EDA0081E8E5 /* Assets.xcassets */ = {isa = PBXFileReference; lastKnownFileType = folder.assetcatalog; path = Assets.xcassets; sourceTree = "<group>"; };
		F1C539671DC24EDA0081E8E5 /* Base */ = {isa = PBXFileReference; lastKnownFileType = file.storyboard; name = Base; path = Base.lproj/LaunchScreen.storyboard; sourceTree = "<group>"; };
		F1C539691DC24EDA0081E8E5 /* Info.plist */ = {isa = PBXFileReference; lastKnownFileType = text.plist.xml; path = Info.plist; sourceTree = "<group>"; };
		F1CCD5621DC2694900097159 /* Event.swift */ = {isa = PBXFileReference; fileEncoding = 4; lastKnownFileType = sourcecode.swift; path = Event.swift; sourceTree = "<group>"; };
/* End PBXFileReference section */

/* Begin PBXFrameworksBuildPhase section */
		F1C539571DC24EDA0081E8E5 /* Frameworks */ = {
			isa = PBXFrameworksBuildPhase;
			buildActionMask = 2147483647;
			files = (
				5398F70D8402176D6965D4E2 /* Pods_Faap.framework in Frameworks */,
			);
			runOnlyForDeploymentPostprocessing = 0;
		};
/* End PBXFrameworksBuildPhase section */

/* Begin PBXGroup section */
		1209E6ED1567402A2889EE9E /* Pods */ = {
			isa = PBXGroup;
			children = (
				143181B32B808D31566C6E8B /* Pods-Faap.debug.xcconfig */,
				E2BDEF1FEB68F116A495B6EA /* Pods-Faap.release.xcconfig */,
			);
			name = Pods;
			sourceTree = "<group>";
		};
		7913B45B019DFFE6F05A7F85 /* Frameworks */ = {
			isa = PBXGroup;
			children = (
				C621A43BCC7E4CF5A1D76E24 /* Pods_Faap.framework */,
			);
			name = Frameworks;
			sourceTree = "<group>";
		};
		F1C539511DC24EDA0081E8E5 = {
			isa = PBXGroup;
			children = (
				F1C5395C1DC24EDA0081E8E5 /* Faap */,
				F1C5395B1DC24EDA0081E8E5 /* Products */,
				1209E6ED1567402A2889EE9E /* Pods */,
				7913B45B019DFFE6F05A7F85 /* Frameworks */,
			);
			sourceTree = "<group>";
		};
		F1C5395B1DC24EDA0081E8E5 /* Products */ = {
			isa = PBXGroup;
			children = (
				F1C5395A1DC24EDA0081E8E5 /* Faap.app */,
			);
			name = Products;
			sourceTree = "<group>";
		};
		F1C5395C1DC24EDA0081E8E5 /* Faap */ = {
			isa = PBXGroup;
			children = (
				F166A6391DC3925E00887354 /* Faap.entitlements */,
				F1C5395D1DC24EDA0081E8E5 /* AppDelegate.swift */,
				F1C539611DC24EDA0081E8E5 /* Main.storyboard */,
				F1C539641DC24EDA0081E8E5 /* Assets.xcassets */,
				F1C539661DC24EDA0081E8E5 /* LaunchScreen.storyboard */,
				F1C539691DC24EDA0081E8E5 /* Info.plist */,
				F1CCD5621DC2694900097159 /* Event.swift */,
				F166A6371DC3862000887354 /* CreateEventViewController.swift */,
			);
			path = Faap;
			sourceTree = "<group>";
		};
/* End PBXGroup section */

/* Begin PBXNativeTarget section */
		F1C539591DC24EDA0081E8E5 /* Faap */ = {
			isa = PBXNativeTarget;
			buildConfigurationList = F1C5396C1DC24EDA0081E8E5 /* Build configuration list for PBXNativeTarget "Faap" */;
			buildPhases = (
				D9A2F642DEA39A9BE6ACC32D /* Check Pods Manifest.lock */,
				F1C539561DC24EDA0081E8E5 /* Sources */,
				F1C539571DC24EDA0081E8E5 /* Frameworks */,
				F1C539581DC24EDA0081E8E5 /* Resources */,
				BD08F679391E6055FA37AE7F /* Embed Pods Frameworks */,
				BC054C24FD69BBEE597B3D9B /* Copy Pods Resources */,
			);
			buildRules = (
			);
			dependencies = (
			);
			name = Faap;
			productName = Faap;
			productReference = F1C5395A1DC24EDA0081E8E5 /* Faap.app */;
			productType = "com.apple.product-type.application";
		};
/* End PBXNativeTarget section */

/* Begin PBXProject section */
		F1C539521DC24EDA0081E8E5 /* Project object */ = {
			isa = PBXProject;
			attributes = {
				LastSwiftUpdateCheck = 0800;
				LastUpgradeCheck = 0800;
				ORGANIZATIONNAME = KPT;
				TargetAttributes = {
					F1C539591DC24EDA0081E8E5 = {
						CreatedOnToolsVersion = 8.0;
						DevelopmentTeam = 86C84G32BE;
						ProvisioningStyle = Automatic;
						SystemCapabilities = {
							com.apple.Keychain = {
								enabled = 1;
							};
						};
					};
				};
			};
			buildConfigurationList = F1C539551DC24EDA0081E8E5 /* Build configuration list for PBXProject "Faap" */;
			compatibilityVersion = "Xcode 3.2";
			developmentRegion = English;
			hasScannedForEncodings = 0;
			knownRegions = (
				en,
				Base,
			);
			mainGroup = F1C539511DC24EDA0081E8E5;
			productRefGroup = F1C5395B1DC24EDA0081E8E5 /* Products */;
			projectDirPath = "";
			projectRoot = "";
			targets = (
				F1C539591DC24EDA0081E8E5 /* Faap */,
			);
		};
/* End PBXProject section */

/* Begin PBXResourcesBuildPhase section */
		F1C539581DC24EDA0081E8E5 /* Resources */ = {
			isa = PBXResourcesBuildPhase;
			buildActionMask = 2147483647;
			files = (
				F1C539681DC24EDA0081E8E5 /* LaunchScreen.storyboard in Resources */,
				F1C539651DC24EDA0081E8E5 /* Assets.xcassets in Resources */,
				F1C539631DC24EDA0081E8E5 /* Main.storyboard in Resources */,
			);
			runOnlyForDeploymentPostprocessing = 0;
		};
/* End PBXResourcesBuildPhase section */

/* Begin PBXShellScriptBuildPhase section */
		BC054C24FD69BBEE597B3D9B /* Copy Pods Resources */ = {
			isa = PBXShellScriptBuildPhase;
			buildActionMask = 2147483647;
			files = (
			);
			inputPaths = (
			);
			name = "Copy Pods Resources";
			outputPaths = (
			);
			runOnlyForDeploymentPostprocessing = 0;
			shellPath = /bin/sh;
			shellScript = "\"${SRCROOT}/Pods/Target Support Files/Pods-Faap/Pods-Faap-resources.sh\"\n";
			showEnvVarsInLog = 0;
		};
		BD08F679391E6055FA37AE7F /* Embed Pods Frameworks */ = {
			isa = PBXShellScriptBuildPhase;
			buildActionMask = 2147483647;
			files = (
			);
			inputPaths = (
			);
			name = "Embed Pods Frameworks";
			outputPaths = (
			);
			runOnlyForDeploymentPostprocessing = 0;
			shellPath = /bin/sh;
			shellScript = "\"${SRCROOT}/Pods/Target Support Files/Pods-Faap/Pods-Faap-frameworks.sh\"\n";
			showEnvVarsInLog = 0;
		};
		D9A2F642DEA39A9BE6ACC32D /* Check Pods Manifest.lock */ = {
			isa = PBXShellScriptBuildPhase;
			buildActionMask = 2147483647;
			files = (
			);
			inputPaths = (
			);
			name = "Check Pods Manifest.lock";
			outputPaths = (
			);
			runOnlyForDeploymentPostprocessing = 0;
			shellPath = /bin/sh;
			shellScript = "diff \"${PODS_ROOT}/../Podfile.lock\" \"${PODS_ROOT}/Manifest.lock\" > /dev/null\nif [[ $? != 0 ]] ; then\n    cat << EOM\nerror: The sandbox is not in sync with the Podfile.lock. Run 'pod install' or update your CocoaPods installation.\nEOM\n    exit 1\nfi\n";
			showEnvVarsInLog = 0;
		};
/* End PBXShellScriptBuildPhase section */

/* Begin PBXSourcesBuildPhase section */
		F1C539561DC24EDA0081E8E5 /* Sources */ = {
			isa = PBXSourcesBuildPhase;
			buildActionMask = 2147483647;
			files = (
				F1CCD5631DC2694900097159 /* Event.swift in Sources */,
				F1C5395E1DC24EDA0081E8E5 /* AppDelegate.swift in Sources */,
				F166A6381DC3862000887354 /* CreateEventViewController.swift in Sources */,
			);
			runOnlyForDeploymentPostprocessing = 0;
		};
/* End PBXSourcesBuildPhase section */

/* Begin PBXVariantGroup section */
		F1C539611DC24EDA0081E8E5 /* Main.storyboard */ = {
			isa = PBXVariantGroup;
			children = (
				F1C539621DC24EDA0081E8E5 /* Base */,
			);
			name = Main.storyboard;
			sourceTree = "<group>";
		};
		F1C539661DC24EDA0081E8E5 /* LaunchScreen.storyboard */ = {
			isa = PBXVariantGroup;
			children = (
				F1C539671DC24EDA0081E8E5 /* Base */,
			);
			name = LaunchScreen.storyboard;
			sourceTree = "<group>";
		};
/* End PBXVariantGroup section */

/* Begin XCBuildConfiguration section */
		F1C5396A1DC24EDA0081E8E5 /* Debug */ = {
			isa = XCBuildConfiguration;
			buildSettings = {
				ALWAYS_SEARCH_USER_PATHS = NO;
				CLANG_ANALYZER_NONNULL = YES;
				CLANG_CXX_LANGUAGE_STANDARD = "gnu++0x";
				CLANG_CXX_LIBRARY = "libc++";
				CLANG_ENABLE_MODULES = YES;
				CLANG_ENABLE_OBJC_ARC = YES;
				CLANG_WARN_BOOL_CONVERSION = YES;
				CLANG_WARN_CONSTANT_CONVERSION = YES;
				CLANG_WARN_DIRECT_OBJC_ISA_USAGE = YES_ERROR;
				CLANG_WARN_DOCUMENTATION_COMMENTS = YES;
				CLANG_WARN_EMPTY_BODY = YES;
				CLANG_WARN_ENUM_CONVERSION = YES;
				CLANG_WARN_INFINITE_RECURSION = YES;
				CLANG_WARN_INT_CONVERSION = YES;
				CLANG_WARN_OBJC_ROOT_CLASS = YES_ERROR;
				CLANG_WARN_SUSPICIOUS_MOVES = YES;
				CLANG_WARN_UNREACHABLE_CODE = YES;
				CLANG_WARN__DUPLICATE_METHOD_MATCH = YES;
				"CODE_SIGN_IDENTITY[sdk=iphoneos*]" = "iPhone Developer";
				COPY_PHASE_STRIP = NO;
				DEBUG_INFORMATION_FORMAT = dwarf;
				ENABLE_STRICT_OBJC_MSGSEND = YES;
				ENABLE_TESTABILITY = YES;
				GCC_C_LANGUAGE_STANDARD = gnu99;
				GCC_DYNAMIC_NO_PIC = NO;
				GCC_NO_COMMON_BLOCKS = YES;
				GCC_OPTIMIZATION_LEVEL = 0;
				GCC_PREPROCESSOR_DEFINITIONS = (
					"DEBUG=1",
					"$(inherited)",
				);
				GCC_WARN_64_TO_32_BIT_CONVERSION = YES;
				GCC_WARN_ABOUT_RETURN_TYPE = YES_ERROR;
				GCC_WARN_UNDECLARED_SELECTOR = YES;
				GCC_WARN_UNINITIALIZED_AUTOS = YES_AGGRESSIVE;
				GCC_WARN_UNUSED_FUNCTION = YES;
				GCC_WARN_UNUSED_VARIABLE = YES;
				IPHONEOS_DEPLOYMENT_TARGET = 10.0;
				MTL_ENABLE_DEBUG_INFO = YES;
				ONLY_ACTIVE_ARCH = YES;
				SDKROOT = iphoneos;
				SWIFT_ACTIVE_COMPILATION_CONDITIONS = DEBUG;
				SWIFT_OPTIMIZATION_LEVEL = "-Onone";
			};
			name = Debug;
		};
		F1C5396B1DC24EDA0081E8E5 /* Release */ = {
			isa = XCBuildConfiguration;
			buildSettings = {
				ALWAYS_SEARCH_USER_PATHS = NO;
				CLANG_ANALYZER_NONNULL = YES;
				CLANG_CXX_LANGUAGE_STANDARD = "gnu++0x";
				CLANG_CXX_LIBRARY = "libc++";
				CLANG_ENABLE_MODULES = YES;
				CLANG_ENABLE_OBJC_ARC = YES;
				CLANG_WARN_BOOL_CONVERSION = YES;
				CLANG_WARN_CONSTANT_CONVERSION = YES;
				CLANG_WARN_DIRECT_OBJC_ISA_USAGE = YES_ERROR;
				CLANG_WARN_DOCUMENTATION_COMMENTS = YES;
				CLANG_WARN_EMPTY_BODY = YES;
				CLANG_WARN_ENUM_CONVERSION = YES;
				CLANG_WARN_INFINITE_RECURSION = YES;
				CLANG_WARN_INT_CONVERSION = YES;
				CLANG_WARN_OBJC_ROOT_CLASS = YES_ERROR;
				CLANG_WARN_SUSPICIOUS_MOVES = YES;
				CLANG_WARN_UNREACHABLE_CODE = YES;
				CLANG_WARN__DUPLICATE_METHOD_MATCH = YES;
				"CODE_SIGN_IDENTITY[sdk=iphoneos*]" = "iPhone Developer";
				COPY_PHASE_STRIP = NO;
				DEBUG_INFORMATION_FORMAT = "dwarf-with-dsym";
				ENABLE_NS_ASSERTIONS = NO;
				ENABLE_STRICT_OBJC_MSGSEND = YES;
				GCC_C_LANGUAGE_STANDARD = gnu99;
				GCC_NO_COMMON_BLOCKS = YES;
				GCC_WARN_64_TO_32_BIT_CONVERSION = YES;
				GCC_WARN_ABOUT_RETURN_TYPE = YES_ERROR;
				GCC_WARN_UNDECLARED_SELECTOR = YES;
				GCC_WARN_UNINITIALIZED_AUTOS = YES_AGGRESSIVE;
				GCC_WARN_UNUSED_FUNCTION = YES;
				GCC_WARN_UNUSED_VARIABLE = YES;
				IPHONEOS_DEPLOYMENT_TARGET = 10.0;
				MTL_ENABLE_DEBUG_INFO = NO;
				SDKROOT = iphoneos;
				SWIFT_OPTIMIZATION_LEVEL = "-Owholemodule";
				VALIDATE_PRODUCT = YES;
			};
			name = Release;
		};
		F1C5396D1DC24EDA0081E8E5 /* Debug */ = {
			isa = XCBuildConfiguration;
			baseConfigurationReference = 143181B32B808D31566C6E8B /* Pods-Faap.debug.xcconfig */;
			buildSettings = {
				ASSETCATALOG_COMPILER_APPICON_NAME = AppIcon;
				CODE_SIGN_ENTITLEMENTS = Faap/Faap.entitlements;
				DEVELOPMENT_TEAM = 86C84G32BE;
				INFOPLIST_FILE = Faap/Info.plist;
				LD_RUNPATH_SEARCH_PATHS = "$(inherited) @executable_path/Frameworks";
				PRODUCT_BUNDLE_IDENTIFIER = com.kpt.Faap;
				PRODUCT_NAME = "$(TARGET_NAME)";
				SWIFT_VERSION = 3.0;
			};
			name = Debug;
		};
		F1C5396E1DC24EDA0081E8E5 /* Release */ = {
			isa = XCBuildConfiguration;
			baseConfigurationReference = E2BDEF1FEB68F116A495B6EA /* Pods-Faap.release.xcconfig */;
			buildSettings = {
				ASSETCATALOG_COMPILER_APPICON_NAME = AppIcon;
				CODE_SIGN_ENTITLEMENTS = Faap/Faap.entitlements;
				DEVELOPMENT_TEAM = 86C84G32BE;
				INFOPLIST_FILE = Faap/Info.plist;
				LD_RUNPATH_SEARCH_PATHS = "$(inherited) @executable_path/Frameworks";
				PRODUCT_BUNDLE_IDENTIFIER = com.kpt.Faap;
				PRODUCT_NAME = "$(TARGET_NAME)";
				SWIFT_VERSION = 3.0;
			};
			name = Release;
		};
/* End XCBuildConfiguration section */

/* Begin XCConfigurationList section */
		F1C539551DC24EDA0081E8E5 /* Build configuration list for PBXProject "Faap" */ = {
			isa = XCConfigurationList;
			buildConfigurations = (
				F1C5396A1DC24EDA0081E8E5 /* Debug */,
				F1C5396B1DC24EDA0081E8E5 /* Release */,
			);
			defaultConfigurationIsVisible = 0;
			defaultConfigurationName = Release;
		};
		F1C5396C1DC24EDA0081E8E5 /* Build configuration list for PBXNativeTarget "Faap" */ = {
			isa = XCConfigurationList;
			buildConfigurations = (
				F1C5396D1DC24EDA0081E8E5 /* Debug */,
				F1C5396E1DC24EDA0081E8E5 /* Release */,
			);
			defaultConfigurationIsVisible = 0;
			defaultConfigurationName = Release;
		};
/* End XCConfigurationList section */
	};
	rootObject = F1C539521DC24EDA0081E8E5 /* Project object */;
}
